
Microsoft Visual Studio Solution File, Format Version 12.00
# Visual Studio Version 16
VisualStudioVersion = 16.0.31911.196
MinimumVisualStudioVersion = 10.0.40219.1
Project("{2150E333-8FDC-42A3-9474-1A3956D46DE8}") = "src", "src", "{44433D12-0B74-439C-81E6-945B978E8666}"
EndProject
Project("{2150E333-8FDC-42A3-9474-1A3956D46DE8}") = "tests", "tests", "{0F55ECEB-80B5-4D3B-B950-3C4F8108B54B}"
EndProject
Project("{2150E333-8FDC-42A3-9474-1A3956D46DE8}") = "ApiGateways", "ApiGateways", "{09154E36-5A76-4AD9-81FA-CA3146FEAAD0}"
EndProject
Project("{2150E333-8FDC-42A3-9474-1A3956D46DE8}") = "Crud", "Crud", "{D4BD1DF0-D6A2-4F89-A411-63CBF028C1AC}"
EndProject
Project("{FAE04EC0-301F-11D3-BF4B-00C04F79EFBC}") = "TC.Bff.Crud", "src\api gateways\TC.Bff.Crud\TC.Bff.Crud.csproj", "{4FF2E2D3-E270-43E2-98A1-B17EE03D25A7}"
EndProject
Project("{2150E333-8FDC-42A3-9474-1A3956D46DE8}") = "BuildingBlocks", "BuildingBlocks", "{C9D18464-8A73-409E-9CA4-07BB2AF3C513}"
EndProject
Project("{2150E333-8FDC-42A3-9474-1A3956D46DE8}") = "Core", "Core", "{15E19636-8291-46C0-9A21-C19C2BDBF2ED}"
EndProject
Project("{FAE04EC0-301F-11D3-BF4B-00C04F79EFBC}") = "TC.Core", "src\building blocks\TC.Core\TC.Core.csproj", "{7E7D42F0-0863-47EC-A8B7-E0B810060A93}"
EndProject
Project("{2150E333-8FDC-42A3-9474-1A3956D46DE8}") = "Services", "Services", "{4333C40D-E382-4BF9-9399-65CBCFA1E27E}"
EndProject
Project("{FAE04EC0-301F-11D3-BF4B-00C04F79EFBC}") = "TC.WebAPI.Core", "src\building blocks\TC.WebAPI.Core\TC.WebAPI.Core.csproj", "{FACFBC0F-1487-4FFC-8B42-FDC468564D9D}"
EndProject
Project("{2150E333-8FDC-42A3-9474-1A3956D46DE8}") = "Services", "Services", "{65117555-7C49-4FD0-9761-BAED2AB4392E}"
EndProject
Project("{2150E333-8FDC-42A3-9474-1A3956D46DE8}") = "Identidade", "Identidade", "{A9400F74-B0FF-491B-B778-8887B010BD50}"
EndProject
Project("{2150E333-8FDC-42A3-9474-1A3956D46DE8}") = "Usuarios", "Usuarios", "{27338F98-C87A-4FEC-A0ED-4D1608B9E001}"
EndProject
Project("{FAE04EC0-301F-11D3-BF4B-00C04F79EFBC}") = "TC.Identidade.API", "src\services\TC.Identidade.API\TC.Identidade.API.csproj", "{FF7030C3-E0BE-497E-ABB8-889777B44B8C}"
EndProject
Project("{FAE04EC0-301F-11D3-BF4B-00C04F79EFBC}") = "TC.Usuarios.API", "src\services\TC.Usuarios.API\TC.Usuarios.API.csproj", "{11808CD4-A874-4BF0-A258-A032DAEEE2AF}"
EndProject
Project("{FAE04EC0-301F-11D3-BF4B-00C04F79EFBC}") = "TC.Usuarios.Application", "src\services\TC.Usuarios.Application\TC.Usuarios.Application.csproj", "{D8CAEEFE-0E11-4293-B2E3-EC15CE198EB4}"
EndProject
Project("{FAE04EC0-301F-11D3-BF4B-00C04F79EFBC}") = "TC.Usuarios.Domain", "src\services\TC.Usuarios.Domain\TC.Usuarios.Domain.csproj", "{676A0FDA-0596-4686-9C47-5754692E8287}"
EndProject
Project("{FAE04EC0-301F-11D3-BF4B-00C04F79EFBC}") = "TC.Usuarios.Infra", "src\services\TC.Usuarios.Infra\TC.Usuarios.Infra.csproj", "{B9BDABE6-A7A9-4D0F-83A6-785A590E50EE}"
EndProject
Project("{2150E333-8FDC-42A3-9474-1A3956D46DE8}") = "Identidade", "Identidade", "{0703C1E1-935E-4CEE-88DD-0F519993E750}"
EndProject
Project("{2150E333-8FDC-42A3-9474-1A3956D46DE8}") = "Usuarios", "Usuarios", "{BD508F9A-78A3-46D2-BDB5-1227375A0B10}"
EndProject
Project("{FAE04EC0-301F-11D3-BF4B-00C04F79EFBC}") = "TC.Identidade.API.Tests", "tests\TC.Identidade.API.Tests\TC.Identidade.API.Tests.csproj", "{35D7231B-4BF7-44DE-9BAC-A42FFD71DAAB}"
EndProject
Project("{FAE04EC0-301F-11D3-BF4B-00C04F79EFBC}") = "TC.Core.Tests", "tests\TC.Core.Tests\TC.Core.Tests.csproj", "{E2499B26-782C-44AE-9955-85A0B78F69F0}"
EndProject
Project("{FAE04EC0-301F-11D3-BF4B-00C04F79EFBC}") = "TC.Usuarios.API.Tests", "tests\TC.Usuarios.API.Tests\TC.Usuarios.API.Tests.csproj", "{8D1AF277-9406-4F53-8658-37A79C8ACBD7}"
EndProject
Project("{FAE04EC0-301F-11D3-BF4B-00C04F79EFBC}") = "TC.Usuarios.Application.Tests", "tests\TC.Usuarios.Application.Tests\TC.Usuarios.Application.Tests.csproj", "{67438E37-160D-4B6D-9B7A-E87ED111D3BD}"
EndProject
Global
	GlobalSection(SolutionConfigurationPlatforms) = preSolution
		Debug|Any CPU = Debug|Any CPU
		Release|Any CPU = Release|Any CPU
	EndGlobalSection
	GlobalSection(ProjectConfigurationPlatforms) = postSolution
		{4FF2E2D3-E270-43E2-98A1-B17EE03D25A7}.Debug|Any CPU.ActiveCfg = Debug|Any CPU
		{4FF2E2D3-E270-43E2-98A1-B17EE03D25A7}.Debug|Any CPU.Build.0 = Debug|Any CPU
		{4FF2E2D3-E270-43E2-98A1-B17EE03D25A7}.Release|Any CPU.ActiveCfg = Release|Any CPU
		{4FF2E2D3-E270-43E2-98A1-B17EE03D25A7}.Release|Any CPU.Build.0 = Release|Any CPU
		{7E7D42F0-0863-47EC-A8B7-E0B810060A93}.Debug|Any CPU.ActiveCfg = Debug|Any CPU
		{7E7D42F0-0863-47EC-A8B7-E0B810060A93}.Debug|Any CPU.Build.0 = Debug|Any CPU
		{7E7D42F0-0863-47EC-A8B7-E0B810060A93}.Release|Any CPU.ActiveCfg = Release|Any CPU
		{7E7D42F0-0863-47EC-A8B7-E0B810060A93}.Release|Any CPU.Build.0 = Release|Any CPU
		{FACFBC0F-1487-4FFC-8B42-FDC468564D9D}.Debug|Any CPU.ActiveCfg = Debug|Any CPU
		{FACFBC0F-1487-4FFC-8B42-FDC468564D9D}.Debug|Any CPU.Build.0 = Debug|Any CPU
		{FACFBC0F-1487-4FFC-8B42-FDC468564D9D}.Release|Any CPU.ActiveCfg = Release|Any CPU
		{FACFBC0F-1487-4FFC-8B42-FDC468564D9D}.Release|Any CPU.Build.0 = Release|Any CPU
		{FF7030C3-E0BE-497E-ABB8-889777B44B8C}.Debug|Any CPU.ActiveCfg = Debug|Any CPU
		{FF7030C3-E0BE-497E-ABB8-889777B44B8C}.Debug|Any CPU.Build.0 = Debug|Any CPU
		{FF7030C3-E0BE-497E-ABB8-889777B44B8C}.Release|Any CPU.ActiveCfg = Release|Any CPU
		{FF7030C3-E0BE-497E-ABB8-889777B44B8C}.Release|Any CPU.Build.0 = Release|Any CPU
		{11808CD4-A874-4BF0-A258-A032DAEEE2AF}.Debug|Any CPU.ActiveCfg = Debug|Any CPU
		{11808CD4-A874-4BF0-A258-A032DAEEE2AF}.Debug|Any CPU.Build.0 = Debug|Any CPU
		{11808CD4-A874-4BF0-A258-A032DAEEE2AF}.Release|Any CPU.ActiveCfg = Release|Any CPU
		{11808CD4-A874-4BF0-A258-A032DAEEE2AF}.Release|Any CPU.Build.0 = Release|Any CPU
		{D8CAEEFE-0E11-4293-B2E3-EC15CE198EB4}.Debug|Any CPU.ActiveCfg = Debug|Any CPU
		{D8CAEEFE-0E11-4293-B2E3-EC15CE198EB4}.Debug|Any CPU.Build.0 = Debug|Any CPU
		{D8CAEEFE-0E11-4293-B2E3-EC15CE198EB4}.Release|Any CPU.ActiveCfg = Release|Any CPU
		{D8CAEEFE-0E11-4293-B2E3-EC15CE198EB4}.Release|Any CPU.Build.0 = Release|Any CPU
		{676A0FDA-0596-4686-9C47-5754692E8287}.Debug|Any CPU.ActiveCfg = Debug|Any CPU
		{676A0FDA-0596-4686-9C47-5754692E8287}.Debug|Any CPU.Build.0 = Debug|Any CPU
		{676A0FDA-0596-4686-9C47-5754692E8287}.Release|Any CPU.ActiveCfg = Release|Any CPU
		{676A0FDA-0596-4686-9C47-5754692E8287}.Release|Any CPU.Build.0 = Release|Any CPU
		{B9BDABE6-A7A9-4D0F-83A6-785A590E50EE}.Debug|Any CPU.ActiveCfg = Debug|Any CPU
		{B9BDABE6-A7A9-4D0F-83A6-785A590E50EE}.Debug|Any CPU.Build.0 = Debug|Any CPU
		{B9BDABE6-A7A9-4D0F-83A6-785A590E50EE}.Release|Any CPU.ActiveCfg = Release|Any CPU
		{B9BDABE6-A7A9-4D0F-83A6-785A590E50EE}.Release|Any CPU.Build.0 = Release|Any CPU
		{35D7231B-4BF7-44DE-9BAC-A42FFD71DAAB}.Debug|Any CPU.ActiveCfg = Debug|Any CPU
		{35D7231B-4BF7-44DE-9BAC-A42FFD71DAAB}.Debug|Any CPU.Build.0 = Debug|Any CPU
		{35D7231B-4BF7-44DE-9BAC-A42FFD71DAAB}.Release|Any CPU.ActiveCfg = Release|Any CPU
		{35D7231B-4BF7-44DE-9BAC-A42FFD71DAAB}.Release|Any CPU.Build.0 = Release|Any CPU
		{E2499B26-782C-44AE-9955-85A0B78F69F0}.Debug|Any CPU.ActiveCfg = Debug|Any CPU
		{E2499B26-782C-44AE-9955-85A0B78F69F0}.Debug|Any CPU.Build.0 = Debug|Any CPU
		{E2499B26-782C-44AE-9955-85A0B78F69F0}.Release|Any CPU.ActiveCfg = Release|Any CPU
		{E2499B26-782C-44AE-9955-85A0B78F69F0}.Release|Any CPU.Build.0 = Release|Any CPU
		{8D1AF277-9406-4F53-8658-37A79C8ACBD7}.Debug|Any CPU.ActiveCfg = Debug|Any CPU
		{8D1AF277-9406-4F53-8658-37A79C8ACBD7}.Debug|Any CPU.Build.0 = Debug|Any CPU
		{8D1AF277-9406-4F53-8658-37A79C8ACBD7}.Release|Any CPU.ActiveCfg = Release|Any CPU
		{8D1AF277-9406-4F53-8658-37A79C8ACBD7}.Release|Any CPU.Build.0 = Release|Any CPU
		{67438E37-160D-4B6D-9B7A-E87ED111D3BD}.Debug|Any CPU.ActiveCfg = Debug|Any CPU
		{67438E37-160D-4B6D-9B7A-E87ED111D3BD}.Debug|Any CPU.Build.0 = Debug|Any CPU
		{67438E37-160D-4B6D-9B7A-E87ED111D3BD}.Release|Any CPU.ActiveCfg = Release|Any CPU
		{67438E37-160D-4B6D-9B7A-E87ED111D3BD}.Release|Any CPU.Build.0 = Release|Any CPU
	EndGlobalSection
	GlobalSection(SolutionProperties) = preSolution
		HideSolutionNode = FALSE
	EndGlobalSection
	GlobalSection(NestedProjects) = preSolution
		{09154E36-5A76-4AD9-81FA-CA3146FEAAD0} = {44433D12-0B74-439C-81E6-945B978E8666}
		{D4BD1DF0-D6A2-4F89-A411-63CBF028C1AC} = {09154E36-5A76-4AD9-81FA-CA3146FEAAD0}
		{4FF2E2D3-E270-43E2-98A1-B17EE03D25A7} = {D4BD1DF0-D6A2-4F89-A411-63CBF028C1AC}
		{C9D18464-8A73-409E-9CA4-07BB2AF3C513} = {44433D12-0B74-439C-81E6-945B978E8666}
		{15E19636-8291-46C0-9A21-C19C2BDBF2ED} = {C9D18464-8A73-409E-9CA4-07BB2AF3C513}
		{7E7D42F0-0863-47EC-A8B7-E0B810060A93} = {15E19636-8291-46C0-9A21-C19C2BDBF2ED}
		{4333C40D-E382-4BF9-9399-65CBCFA1E27E} = {C9D18464-8A73-409E-9CA4-07BB2AF3C513}
		{FACFBC0F-1487-4FFC-8B42-FDC468564D9D} = {4333C40D-E382-4BF9-9399-65CBCFA1E27E}
		{65117555-7C49-4FD0-9761-BAED2AB4392E} = {44433D12-0B74-439C-81E6-945B978E8666}
		{A9400F74-B0FF-491B-B778-8887B010BD50} = {65117555-7C49-4FD0-9761-BAED2AB4392E}
		{27338F98-C87A-4FEC-A0ED-4D1608B9E001} = {65117555-7C49-4FD0-9761-BAED2AB4392E}
		{FF7030C3-E0BE-497E-ABB8-889777B44B8C} = {A9400F74-B0FF-491B-B778-8887B010BD50}
		{11808CD4-A874-4BF0-A258-A032DAEEE2AF} = {27338F98-C87A-4FEC-A0ED-4D1608B9E001}
		{D8CAEEFE-0E11-4293-B2E3-EC15CE198EB4} = {27338F98-C87A-4FEC-A0ED-4D1608B9E001}
		{676A0FDA-0596-4686-9C47-5754692E8287} = {27338F98-C87A-4FEC-A0ED-4D1608B9E001}
		{B9BDABE6-A7A9-4D0F-83A6-785A590E50EE} = {27338F98-C87A-4FEC-A0ED-4D1608B9E001}
		{0703C1E1-935E-4CEE-88DD-0F519993E750} = {0F55ECEB-80B5-4D3B-B950-3C4F8108B54B}
		{BD508F9A-78A3-46D2-BDB5-1227375A0B10} = {0F55ECEB-80B5-4D3B-B950-3C4F8108B54B}
		{35D7231B-4BF7-44DE-9BAC-A42FFD71DAAB} = {0703C1E1-935E-4CEE-88DD-0F519993E750}
		{E2499B26-782C-44AE-9955-85A0B78F69F0} = {0F55ECEB-80B5-4D3B-B950-3C4F8108B54B}
		{8D1AF277-9406-4F53-8658-37A79C8ACBD7} = {BD508F9A-78A3-46D2-BDB5-1227375A0B10}
		{67438E37-160D-4B6D-9B7A-E87ED111D3BD} = {BD508F9A-78A3-46D2-BDB5-1227375A0B10}
	EndGlobalSection
	GlobalSection(ExtensibilityGlobals) = postSolution
		SolutionGuid = {46082442-D53E-4C2D-93AB-D5E21B839BC4}
	EndGlobalSection
EndGlobal
